
Microsoft Visual Studio Solution File, Format Version 12.00
# Visual Studio Version 17
VisualStudioVersion = 17.1.32421.90
MinimumVisualStudioVersion = 10.0.40219.1
Project("{9A19103F-16F7-4668-BE54-9A1E7A4F7556}") = "JeremyAnsel.Media.An8", "JeremyAnsel.Media.An8\JeremyAnsel.Media.An8.csproj", "{4032EBBF-99A5-44A3-BFD6-FD26927F76A6}"
EndProject
Project("{9A19103F-16F7-4668-BE54-9A1E7A4F7556}") = "JeremyAnsel.Media.An8.Tests", "JeremyAnsel.Media.An8.Tests\JeremyAnsel.Media.An8.Tests.csproj", "{8E90CF77-1AF3-4203-B52F-A12CF0117F53}"
EndProject
Project("{9A19103F-16F7-4668-BE54-9A1E7A4F7556}") = "Documentation", "Documentation\Documentation.csproj", "{88FED4FB-15E0-44D4-A9FD-9BCA556CB758}"
EndProject
Global
	GlobalSection(SolutionConfigurationPlatforms) = preSolution
		Debug|Any CPU = Debug|Any CPU
		Release|Any CPU = Release|Any CPU
	EndGlobalSection
	GlobalSection(ProjectConfigurationPlatforms) = postSolution
		{4032EBBF-99A5-44A3-BFD6-FD26927F76A6}.Debug|Any CPU.ActiveCfg = Debug|Any CPU
		{4032EBBF-99A5-44A3-BFD6-FD26927F76A6}.Debug|Any CPU.Build.0 = Debug|Any CPU
		{4032EBBF-99A5-44A3-BFD6-FD26927F76A6}.Release|Any CPU.ActiveCfg = Release|Any CPU
		{4032EBBF-99A5-44A3-BFD6-FD26927F76A6}.Release|Any CPU.Build.0 = Release|Any CPU
		{8E90CF77-1AF3-4203-B52F-A12CF0117F53}.Debug|Any CPU.ActiveCfg = Debug|Any CPU
		{8E90CF77-1AF3-4203-B52F-A12CF0117F53}.Debug|Any CPU.Build.0 = Debug|Any CPU
		{8E90CF77-1AF3-4203-B52F-A12CF0117F53}.Release|Any CPU.ActiveCfg = Release|Any CPU
		{8E90CF77-1AF3-4203-B52F-A12CF0117F53}.Release|Any CPU.Build.0 = Release|Any CPU
		{88FED4FB-15E0-44D4-A9FD-9BCA556CB758}.Debug|Any CPU.ActiveCfg = Debug|Any CPU
		{88FED4FB-15E0-44D4-A9FD-9BCA556CB758}.Release|Any CPU.ActiveCfg = Release|Any CPU
		{88FED4FB-15E0-44D4-A9FD-9BCA556CB758}.Release|Any CPU.Build.0 = Release|Any CPU
	EndGlobalSection
	GlobalSection(SolutionProperties) = preSolution
		HideSolutionNode = FALSE
	EndGlobalSection
	GlobalSection(ExtensibilityGlobals) = postSolution
		SolutionGuid = {75D0F76C-3CAF-49DD-88FF-864B98F30F8B}
	EndGlobalSection
EndGlobal
